
Microsoft Visual Studio Solution File, Format Version 12.00
# Visual Studio 15
Project("{FAE04EC0-301F-11D3-BF4B-00C04F79EFBC}") = "TestPractice", "TestPractice\TestPractice.csproj", "{243C4041-2152-470C-8FB6-471874865A8F}"
EndProject
Project("{FAE04EC0-301F-11D3-BF4B-00C04F79EFBC}") = "FizzBuzz", "FizzBuzz\FizzBuzz.csproj", "{C1D4BC84-55B8-48A1-8850-802E84CF957E}"
EndProject
Global
	GlobalSection(SolutionConfigurationPlatforms) = preSolution
		Debug|Any CPU = Debug|Any CPU
		Release|Any CPU = Release|Any CPU
	EndGlobalSection
	GlobalSection(ProjectConfigurationPlatforms) = postSolution
		{243C4041-2152-470C-8FB6-471874865A8F}.Debug|Any CPU.ActiveCfg = Debug|Any CPU
		{243C4041-2152-470C-8FB6-471874865A8F}.Debug|Any CPU.Build.0 = Debug|Any CPU
		{243C4041-2152-470C-8FB6-471874865A8F}.Release|Any CPU.ActiveCfg = Release|Any CPU
		{243C4041-2152-470C-8FB6-471874865A8F}.Release|Any CPU.Build.0 = Release|Any CPU
		{C1D4BC84-55B8-48A1-8850-802E84CF957E}.Debug|Any CPU.ActiveCfg = Debug|Any CPU
		{C1D4BC84-55B8-48A1-8850-802E84CF957E}.Debug|Any CPU.Build.0 = Debug|Any CPU
		{C1D4BC84-55B8-48A1-8850-802E84CF957E}.Release|Any CPU.ActiveCfg = Release|Any CPU
		{C1D4BC84-55B8-48A1-8850-802E84CF957E}.Release|Any CPU.Build.0 = Release|Any CPU
	EndGlobalSection
EndGlobal
